
Microsoft Visual Studio Solution File, Format Version 12.00
# Visual Studio Version 16
VisualStudioVersion = 16.0.31702.278
MinimumVisualStudioVersion = 10.0.40219.1
Project("{FAE04EC0-301F-11D3-BF4B-00C04F79EFBC}") = "Nexus3", "Nexus3\Nexus3.csproj", "{6B95FE76-DA47-4360-A998-B16994511EED}"
EndProject
Project("{FAE04EC0-301F-11D3-BF4B-00C04F79EFBC}") = "NexusSDKTest", "NexusSDKTest\NexusSDKTest.csproj", "{F4FA34A9-3502-42EB-9CF7-78C0B38766B2}"
EndProject
Global
	GlobalSection(SolutionConfigurationPlatforms) = preSolution
		Debug|Any CPU = Debug|Any CPU
		Release|Any CPU = Release|Any CPU
	EndGlobalSection
	GlobalSection(ProjectConfigurationPlatforms) = postSolution
		{6B95FE76-DA47-4360-A998-B16994511EED}.Debug|Any CPU.ActiveCfg = Debug|Any CPU
		{6B95FE76-DA47-4360-A998-B16994511EED}.Debug|Any CPU.Build.0 = Debug|Any CPU
		{6B95FE76-DA47-4360-A998-B16994511EED}.Release|Any CPU.ActiveCfg = Release|Any CPU
		{6B95FE76-DA47-4360-A998-B16994511EED}.Release|Any CPU.Build.0 = Release|Any CPU
		{F4FA34A9-3502-42EB-9CF7-78C0B38766B2}.Debug|Any CPU.ActiveCfg = Debug|Any CPU
		{F4FA34A9-3502-42EB-9CF7-78C0B38766B2}.Debug|Any CPU.Build.0 = Debug|Any CPU
		{F4FA34A9-3502-42EB-9CF7-78C0B38766B2}.Release|Any CPU.ActiveCfg = Release|Any CPU
		{F4FA34A9-3502-42EB-9CF7-78C0B38766B2}.Release|Any CPU.Build.0 = Release|Any CPU
	EndGlobalSection
	GlobalSection(SolutionProperties) = preSolution
		HideSolutionNode = FALSE
	EndGlobalSection
	GlobalSection(ExtensibilityGlobals) = postSolution
		SolutionGuid = {805BB061-B17C-4D37-8E47-A85C7F3691B4}
	EndGlobalSection
EndGlobal
